
Microsoft Visual Studio Solution File, Format Version 12.00
# Visual Studio 15
VisualStudioVersion = 15.0.27130.2020
MinimumVisualStudioVersion = 10.0.40219.1
Project("{FAE04EC0-301F-11D3-BF4B-00C04F79EFBC}") = "SnazzyOofApp", "SnazzyOofApp\SnazzyOofApp.csproj", "{E4B44A99-4F33-432E-9429-E473CF5E48C8}"
EndProject
Global
	GlobalSection(SolutionConfigurationPlatforms) = preSolution
		Debug|Any CPU = Debug|Any CPU
		Release|Any CPU = Release|Any CPU
	EndGlobalSection
	GlobalSection(ProjectConfigurationPlatforms) = postSolution
		{E4B44A99-4F33-432E-9429-E473CF5E48C8}.Debug|Any CPU.ActiveCfg = Debug|Any CPU
		{E4B44A99-4F33-432E-9429-E473CF5E48C8}.Debug|Any CPU.Build.0 = Debug|Any CPU
		{E4B44A99-4F33-432E-9429-E473CF5E48C8}.Release|Any CPU.ActiveCfg = Release|Any CPU
		{E4B44A99-4F33-432E-9429-E473CF5E48C8}.Release|Any CPU.Build.0 = Release|Any CPU
	EndGlobalSection
	GlobalSection(SolutionProperties) = preSolution
		HideSolutionNode = FALSE
	EndGlobalSection
	GlobalSection(ExtensibilityGlobals) = postSolution
		SolutionGuid = {D8DED609-4703-4C1F-9938-82E8FCBA957B}
	EndGlobalSection
EndGlobal
